
Microsoft Visual Studio Solution File, Format Version 12.00
# Visual Studio 15
Project("{FAE04EC0-301F-11D3-BF4B-00C04F79EFBC}") = "XamarinFormsBasics.Android", "XamarinFormsBasics.Android\XamarinFormsBasics.Android.csproj", "{6865BD9C-044F-452F-8609-D497D91D908C}"
EndProject
Project("{FAE04EC0-301F-11D3-BF4B-00C04F79EFBC}") = "XamarinFormsBasics.iOS", "XamarinFormsBasics.iOS\XamarinFormsBasics.iOS.csproj", "{9B242FC0-6B50-45EA-B1AC-22728242D86C}"
EndProject
Project("{FAE04EC0-301F-11D3-BF4B-00C04F79EFBC}") = "XamarinFormsBasics", "XamarinFormsBasics\XamarinFormsBasics.csproj", "{57139164-7622-48C8-8D59-244E7B9DD4EF}"
EndProject
Global
	GlobalSection(SolutionConfigurationPlatforms) = preSolution
		Debug|Any CPU = Debug|Any CPU
		Release|Any CPU = Release|Any CPU
		Debug|iPhoneSimulator = Debug|iPhoneSimulator
		Release|iPhoneSimulator = Release|iPhoneSimulator
		Debug|iPhone = Debug|iPhone
		Release|iPhone = Release|iPhone
	EndGlobalSection
	GlobalSection(ProjectConfigurationPlatforms) = postSolution
		{6865BD9C-044F-452F-8609-D497D91D908C}.Debug|Any CPU.ActiveCfg = Debug|Any CPU
		{6865BD9C-044F-452F-8609-D497D91D908C}.Debug|Any CPU.Build.0 = Debug|Any CPU
		{6865BD9C-044F-452F-8609-D497D91D908C}.Release|Any CPU.ActiveCfg = Release|Any CPU
		{6865BD9C-044F-452F-8609-D497D91D908C}.Release|Any CPU.Build.0 = Release|Any CPU
		{6865BD9C-044F-452F-8609-D497D91D908C}.Debug|iPhoneSimulator.ActiveCfg = Debug|Any CPU
		{6865BD9C-044F-452F-8609-D497D91D908C}.Debug|iPhoneSimulator.Build.0 = Debug|Any CPU
		{6865BD9C-044F-452F-8609-D497D91D908C}.Release|iPhoneSimulator.ActiveCfg = Release|Any CPU
		{6865BD9C-044F-452F-8609-D497D91D908C}.Release|iPhoneSimulator.Build.0 = Release|Any CPU
		{6865BD9C-044F-452F-8609-D497D91D908C}.Debug|iPhone.ActiveCfg = Debug|Any CPU
		{6865BD9C-044F-452F-8609-D497D91D908C}.Debug|iPhone.Build.0 = Debug|Any CPU
		{6865BD9C-044F-452F-8609-D497D91D908C}.Release|iPhone.ActiveCfg = Release|Any CPU
		{6865BD9C-044F-452F-8609-D497D91D908C}.Release|iPhone.Build.0 = Release|Any CPU
		{9B242FC0-6B50-45EA-B1AC-22728242D86C}.Debug|Any CPU.ActiveCfg = Debug|iPhoneSimulator
		{9B242FC0-6B50-45EA-B1AC-22728242D86C}.Debug|Any CPU.Build.0 = Debug|iPhoneSimulator
		{9B242FC0-6B50-45EA-B1AC-22728242D86C}.Release|Any CPU.ActiveCfg = Release|iPhoneSimulator
		{9B242FC0-6B50-45EA-B1AC-22728242D86C}.Release|Any CPU.Build.0 = Release|iPhoneSimulator
		{9B242FC0-6B50-45EA-B1AC-22728242D86C}.Debug|iPhoneSimulator.ActiveCfg = Debug|iPhoneSimulator
		{9B242FC0-6B50-45EA-B1AC-22728242D86C}.Debug|iPhoneSimulator.Build.0 = Debug|iPhoneSimulator
		{9B242FC0-6B50-45EA-B1AC-22728242D86C}.Release|iPhoneSimulator.ActiveCfg = Release|iPhoneSimulator
		{9B242FC0-6B50-45EA-B1AC-22728242D86C}.Release|iPhoneSimulator.Build.0 = Release|iPhoneSimulator
		{9B242FC0-6B50-45EA-B1AC-22728242D86C}.Debug|iPhone.ActiveCfg = Debug|iPhone
		{9B242FC0-6B50-45EA-B1AC-22728242D86C}.Debug|iPhone.Build.0 = Debug|iPhone
		{9B242FC0-6B50-45EA-B1AC-22728242D86C}.Release|iPhone.ActiveCfg = Release|iPhone
		{9B242FC0-6B50-45EA-B1AC-22728242D86C}.Release|iPhone.Build.0 = Release|iPhone
		{57139164-7622-48C8-8D59-244E7B9DD4EF}.Debug|Any CPU.ActiveCfg = Debug|Any CPU
		{57139164-7622-48C8-8D59-244E7B9DD4EF}.Debug|Any CPU.Build.0 = Debug|Any CPU
		{57139164-7622-48C8-8D59-244E7B9DD4EF}.Release|Any CPU.ActiveCfg = Release|Any CPU
		{57139164-7622-48C8-8D59-244E7B9DD4EF}.Release|Any CPU.Build.0 = Release|Any CPU
		{57139164-7622-48C8-8D59-244E7B9DD4EF}.Debug|iPhoneSimulator.ActiveCfg = Debug|Any CPU
		{57139164-7622-48C8-8D59-244E7B9DD4EF}.Debug|iPhoneSimulator.Build.0 = Debug|Any CPU
		{57139164-7622-48C8-8D59-244E7B9DD4EF}.Release|iPhoneSimulator.ActiveCfg = Release|Any CPU
		{57139164-7622-48C8-8D59-244E7B9DD4EF}.Release|iPhoneSimulator.Build.0 = Release|Any CPU
		{57139164-7622-48C8-8D59-244E7B9DD4EF}.Debug|iPhone.ActiveCfg = Debug|Any CPU
		{57139164-7622-48C8-8D59-244E7B9DD4EF}.Debug|iPhone.Build.0 = Debug|Any CPU
		{57139164-7622-48C8-8D59-244E7B9DD4EF}.Release|iPhone.ActiveCfg = Release|Any CPU
		{57139164-7622-48C8-8D59-244E7B9DD4EF}.Release|iPhone.Build.0 = Release|Any CPU
	EndGlobalSection
EndGlobal
